// !$*UTF8*$!
{
	archiveVersion = 1;
	classes = {
	};
	objectVersion = 46;
	objects = {

/* Begin PBXBuildFile section */
		536CF685195526A800AA16A4 /* AppDelegate.swift in Sources */ = {isa = PBXBuildFile; fileRef = 536CF684195526A800AA16A4 /* AppDelegate.swift */; };
		536CF687195526A800AA16A4 /* MasterViewController.swift in Sources */ = {isa = PBXBuildFile; fileRef = 536CF686195526A800AA16A4 /* MasterViewController.swift */; };
		536CF689195526A800AA16A4 /* DetailViewController.swift in Sources */ = {isa = PBXBuildFile; fileRef = 536CF688195526A800AA16A4 /* DetailViewController.swift */; };
		536CF68C195526A800AA16A4 /* Main.storyboard in Resources */ = {isa = PBXBuildFile; fileRef = 536CF68A195526A800AA16A4 /* Main.storyboard */; };
		536CF68E195526A800AA16A4 /* Images.xcassets in Resources */ = {isa = PBXBuildFile; fileRef = 536CF68D195526A800AA16A4 /* Images.xcassets */; };
		536CF6A91955344200AA16A4 /* TopicTests.swift in Sources */ = {isa = PBXBuildFile; fileRef = 536CF6A81955344200AA16A4 /* TopicTests.swift */; };
		536CF6AB195535DB00AA16A4 /* Topic.swift in Sources */ = {isa = PBXBuildFile; fileRef = 536CF6AA195535DB00AA16A4 /* Topic.swift */; };
		536CF6AC195535DB00AA16A4 /* Topic.swift in Sources */ = {isa = PBXBuildFile; fileRef = 536CF6AA195535DB00AA16A4 /* Topic.swift */; };
		536CF6AE1955446000AA16A4 /* QuestionTests.swift in Sources */ = {isa = PBXBuildFile; fileRef = 536CF6AD1955446000AA16A4 /* QuestionTests.swift */; };
		536CF6B21955456300AA16A4 /* Question.swift in Sources */ = {isa = PBXBuildFile; fileRef = 536CF6B11955456300AA16A4 /* Question.swift */; };
		536CF6B31955456300AA16A4 /* Question.swift in Sources */ = {isa = PBXBuildFile; fileRef = 536CF6B11955456300AA16A4 /* Question.swift */; };
		536CF6B519554AAE00AA16A4 /* PersonTests.swift in Sources */ = {isa = PBXBuildFile; fileRef = 536CF6B419554AAE00AA16A4 /* PersonTests.swift */; };
		536CF6B719554BF400AA16A4 /* Person.swift in Sources */ = {isa = PBXBuildFile; fileRef = 536CF6B619554BF400AA16A4 /* Person.swift */; };
		536CF6B819554BF400AA16A4 /* Person.swift in Sources */ = {isa = PBXBuildFile; fileRef = 536CF6B619554BF400AA16A4 /* Person.swift */; };
		53E74711195C8F4D00A3A949 /* AnswersTests.swift in Sources */ = {isa = PBXBuildFile; fileRef = 53E74710195C8F4D00A3A949 /* AnswersTests.swift */; };
		53E74713195C8F9900A3A949 /* Answer.swift in Sources */ = {isa = PBXBuildFile; fileRef = 53E74712195C8F9900A3A949 /* Answer.swift */; };
		53E74714195C8F9900A3A949 /* Answer.swift in Sources */ = {isa = PBXBuildFile; fileRef = 53E74712195C8F9900A3A949 /* Answer.swift */; };
/* End PBXBuildFile section */

/* Begin PBXContainerItemProxy section */
		536CF694195526A800AA16A4 /* PBXContainerItemProxy */ = {
			isa = PBXContainerItemProxy;
			containerPortal = 536CF677195526A800AA16A4 /* Project object */;
			proxyType = 1;
			remoteGlobalIDString = 536CF67E195526A800AA16A4;
			remoteInfo = BrowseOverflow;
		};
		536CF6A31955312300AA16A4 /* PBXContainerItemProxy */ = {
			isa = PBXContainerItemProxy;
			containerPortal = 536CF677195526A800AA16A4 /* Project object */;
			proxyType = 1;
			remoteGlobalIDString = 536CF67E195526A800AA16A4;
			remoteInfo = BrowseOverflow;
		};
		536CF6A51955312300AA16A4 /* PBXContainerItemProxy */ = {
			isa = PBXContainerItemProxy;
			containerPortal = 536CF677195526A800AA16A4 /* Project object */;
			proxyType = 1;
			remoteGlobalIDString = 536CF67E195526A800AA16A4;
			remoteInfo = BrowseOverflow;
		};
		536CF6AF195544A100AA16A4 /* PBXContainerItemProxy */ = {
			isa = PBXContainerItemProxy;
			containerPortal = 536CF677195526A800AA16A4 /* Project object */;
			proxyType = 1;
			remoteGlobalIDString = 536CF67E195526A800AA16A4;
			remoteInfo = BrowseOverflow;
		};
/* End PBXContainerItemProxy section */

/* Begin PBXFileReference section */
		536CF67F195526A800AA16A4 /* BrowseOverflow.app */ = {isa = PBXFileReference; explicitFileType = wrapper.application; includeInIndex = 0; path = BrowseOverflow.app; sourceTree = BUILT_PRODUCTS_DIR; };
		536CF683195526A800AA16A4 /* Info.plist */ = {isa = PBXFileReference; lastKnownFileType = text.plist.xml; path = Info.plist; sourceTree = "<group>"; };
		536CF684195526A800AA16A4 /* AppDelegate.swift */ = {isa = PBXFileReference; lastKnownFileType = sourcecode.swift; path = AppDelegate.swift; sourceTree = "<group>"; };
		536CF686195526A800AA16A4 /* MasterViewController.swift */ = {isa = PBXFileReference; lastKnownFileType = sourcecode.swift; path = MasterViewController.swift; sourceTree = "<group>"; };
		536CF688195526A800AA16A4 /* DetailViewController.swift */ = {isa = PBXFileReference; lastKnownFileType = sourcecode.swift; path = DetailViewController.swift; sourceTree = "<group>"; };
		536CF68B195526A800AA16A4 /* Base */ = {isa = PBXFileReference; lastKnownFileType = file.storyboard; name = Base; path = Base.lproj/Main.storyboard; sourceTree = "<group>"; };
		536CF68D195526A800AA16A4 /* Images.xcassets */ = {isa = PBXFileReference; lastKnownFileType = folder.assetcatalog; path = Images.xcassets; sourceTree = "<group>"; };
		536CF693195526A800AA16A4 /* BrowseOverflowTests.xctest */ = {isa = PBXFileReference; explicitFileType = wrapper.cfbundle; includeInIndex = 0; path = BrowseOverflowTests.xctest; sourceTree = BUILT_PRODUCTS_DIR; };
		536CF698195526A800AA16A4 /* Info.plist */ = {isa = PBXFileReference; lastKnownFileType = text.plist.xml; path = Info.plist; sourceTree = "<group>"; };
		536CF6A71955344200AA16A4 /* BrowseOverflowTests-Bridging-Header.h */ = {isa = PBXFileReference; lastKnownFileType = sourcecode.c.h; path = "BrowseOverflowTests-Bridging-Header.h"; sourceTree = "<group>"; };
		536CF6A81955344200AA16A4 /* TopicTests.swift */ = {isa = PBXFileReference; fileEncoding = 4; lastKnownFileType = sourcecode.swift; path = TopicTests.swift; sourceTree = "<group>"; };
		536CF6AA195535DB00AA16A4 /* Topic.swift */ = {isa = PBXFileReference; fileEncoding = 4; lastKnownFileType = sourcecode.swift; path = Topic.swift; sourceTree = "<group>"; };
		536CF6AD1955446000AA16A4 /* QuestionTests.swift */ = {isa = PBXFileReference; fileEncoding = 4; lastKnownFileType = sourcecode.swift; path = QuestionTests.swift; sourceTree = "<group>"; };
		536CF6B11955456300AA16A4 /* Question.swift */ = {isa = PBXFileReference; fileEncoding = 4; lastKnownFileType = sourcecode.swift; path = Question.swift; sourceTree = "<group>"; };
		536CF6B419554AAE00AA16A4 /* PersonTests.swift */ = {isa = PBXFileReference; fileEncoding = 4; lastKnownFileType = sourcecode.swift; name = PersonTests.swift; path = BrowseOverflowTests/PersonTests.swift; sourceTree = SOURCE_ROOT; };
		536CF6B619554BF400AA16A4 /* Person.swift */ = {isa = PBXFileReference; fileEncoding = 4; lastKnownFileType = sourcecode.swift; path = Person.swift; sourceTree = "<group>"; };
		53E74710195C8F4D00A3A949 /* AnswersTests.swift */ = {isa = PBXFileReference; fileEncoding = 4; lastKnownFileType = sourcecode.swift; path = AnswersTests.swift; sourceTree = "<group>"; };
		53E74712195C8F9900A3A949 /* Answer.swift */ = {isa = PBXFileReference; fileEncoding = 4; lastKnownFileType = sourcecode.swift; path = Answer.swift; sourceTree = "<group>"; };
/* End PBXFileReference section */

/* Begin PBXFrameworksBuildPhase section */
		536CF67C195526A800AA16A4 /* Frameworks */ = {
			isa = PBXFrameworksBuildPhase;
			buildActionMask = 2147483647;
			files = (
			);
			runOnlyForDeploymentPostprocessing = 0;
		};
		536CF690195526A800AA16A4 /* Frameworks */ = {
			isa = PBXFrameworksBuildPhase;
			buildActionMask = 2147483647;
			files = (
			);
			runOnlyForDeploymentPostprocessing = 0;
		};
/* End PBXFrameworksBuildPhase section */

/* Begin PBXGroup section */
		536CF676195526A800AA16A4 = {
			isa = PBXGroup;
			children = (
				536CF681195526A800AA16A4 /* BrowseOverflow */,
				536CF696195526A800AA16A4 /* BrowseOverflowTests */,
				536CF680195526A800AA16A4 /* Products */,
			);
			sourceTree = "<group>";
		};
		536CF680195526A800AA16A4 /* Products */ = {
			isa = PBXGroup;
			children = (
				536CF67F195526A800AA16A4 /* BrowseOverflow.app */,
				536CF693195526A800AA16A4 /* BrowseOverflowTests.xctest */,
			);
			name = Products;
			sourceTree = "<group>";
		};
		536CF681195526A800AA16A4 /* BrowseOverflow */ = {
			isa = PBXGroup;
			children = (
				536CF684195526A800AA16A4 /* AppDelegate.swift */,
				536CF6B619554BF400AA16A4 /* Person.swift */,
				536CF6AA195535DB00AA16A4 /* Topic.swift */,
				53E74712195C8F9900A3A949 /* Answer.swift */,
				536CF6B11955456300AA16A4 /* Question.swift */,
				536CF686195526A800AA16A4 /* MasterViewController.swift */,
				536CF688195526A800AA16A4 /* DetailViewController.swift */,
				536CF68A195526A800AA16A4 /* Main.storyboard */,
				536CF68D195526A800AA16A4 /* Images.xcassets */,
				536CF682195526A800AA16A4 /* Supporting Files */,
			);
			path = BrowseOverflow;
			sourceTree = "<group>";
		};
		536CF682195526A800AA16A4 /* Supporting Files */ = {
			isa = PBXGroup;
			children = (
				536CF683195526A800AA16A4 /* Info.plist */,
			);
			name = "Supporting Files";
			sourceTree = "<group>";
		};
		536CF696195526A800AA16A4 /* BrowseOverflowTests */ = {
			isa = PBXGroup;
			children = (
				536CF6B419554AAE00AA16A4 /* PersonTests.swift */,
				536CF6AD1955446000AA16A4 /* QuestionTests.swift */,
				536CF6A81955344200AA16A4 /* TopicTests.swift */,
				53E74710195C8F4D00A3A949 /* AnswersTests.swift */,
				536CF697195526A800AA16A4 /* Supporting Files */,
			);
			path = BrowseOverflowTests;
			sourceTree = "<group>";
		};
		536CF697195526A800AA16A4 /* Supporting Files */ = {
			isa = PBXGroup;
			children = (
				536CF6A71955344200AA16A4 /* BrowseOverflowTests-Bridging-Header.h */,
				536CF698195526A800AA16A4 /* Info.plist */,
			);
			name = "Supporting Files";
			sourceTree = "<group>";
		};
/* End PBXGroup section */

/* Begin PBXNativeTarget section */
		536CF67E195526A800AA16A4 /* BrowseOverflow */ = {
			isa = PBXNativeTarget;
			buildConfigurationList = 536CF69D195526A800AA16A4 /* Build configuration list for PBXNativeTarget "BrowseOverflow" */;
			buildPhases = (
				536CF67B195526A800AA16A4 /* Sources */,
				536CF67C195526A800AA16A4 /* Frameworks */,
				536CF67D195526A800AA16A4 /* Resources */,
			);
			buildRules = (
			);
			dependencies = (
			);
			name = BrowseOverflow;
			productName = BrowseOverflow;
			productReference = 536CF67F195526A800AA16A4 /* BrowseOverflow.app */;
			productType = "com.apple.product-type.application";
		};
		536CF692195526A800AA16A4 /* BrowseOverflowTests */ = {
			isa = PBXNativeTarget;
			buildConfigurationList = 536CF6A0195526A800AA16A4 /* Build configuration list for PBXNativeTarget "BrowseOverflowTests" */;
			buildPhases = (
				536CF68F195526A800AA16A4 /* Sources */,
				536CF690195526A800AA16A4 /* Frameworks */,
				536CF691195526A800AA16A4 /* Resources */,
			);
			buildRules = (
			);
			dependencies = (
				536CF695195526A800AA16A4 /* PBXTargetDependency */,
				536CF6A41955312300AA16A4 /* PBXTargetDependency */,
				536CF6A61955312300AA16A4 /* PBXTargetDependency */,
				536CF6B0195544A100AA16A4 /* PBXTargetDependency */,
			);
			name = BrowseOverflowTests;
			productName = BrowseOverflowTests;
			productReference = 536CF693195526A800AA16A4 /* BrowseOverflowTests.xctest */;
			productType = "com.apple.product-type.bundle.unit-test";
		};
/* End PBXNativeTarget section */

/* Begin PBXProject section */
		536CF677195526A800AA16A4 /* Project object */ = {
			isa = PBXProject;
			attributes = {
				LastUpgradeCheck = 0600;
				ORGANIZATIONNAME = "Cassandra Sandquist";
				TargetAttributes = {
					536CF67E195526A800AA16A4 = {
						CreatedOnToolsVersion = 6.0;
					};
					536CF692195526A800AA16A4 = {
						CreatedOnToolsVersion = 6.0;
						TestTargetID = 536CF67E195526A800AA16A4;
					};
				};
			};
			buildConfigurationList = 536CF67A195526A800AA16A4 /* Build configuration list for PBXProject "BrowseOverflow" */;
			compatibilityVersion = "Xcode 3.2";
			developmentRegion = English;
			hasScannedForEncodings = 0;
			knownRegions = (
				en,
				Base,
			);
			mainGroup = 536CF676195526A800AA16A4;
			productRefGroup = 536CF680195526A800AA16A4 /* Products */;
			projectDirPath = "";
			projectRoot = "";
			targets = (
				536CF67E195526A800AA16A4 /* BrowseOverflow */,
				536CF692195526A800AA16A4 /* BrowseOverflowTests */,
			);
		};
/* End PBXProject section */

/* Begin PBXResourcesBuildPhase section */
		536CF67D195526A800AA16A4 /* Resources */ = {
			isa = PBXResourcesBuildPhase;
			buildActionMask = 2147483647;
			files = (
				536CF68C195526A800AA16A4 /* Main.storyboard in Resources */,
				536CF68E195526A800AA16A4 /* Images.xcassets in Resources */,
			);
			runOnlyForDeploymentPostprocessing = 0;
		};
		536CF691195526A800AA16A4 /* Resources */ = {
			isa = PBXResourcesBuildPhase;
			buildActionMask = 2147483647;
			files = (
			);
			runOnlyForDeploymentPostprocessing = 0;
		};
/* End PBXResourcesBuildPhase section */

/* Begin PBXSourcesBuildPhase section */
		536CF67B195526A800AA16A4 /* Sources */ = {
			isa = PBXSourcesBuildPhase;
			buildActionMask = 2147483647;
			files = (
				536CF6B719554BF400AA16A4 /* Person.swift in Sources */,
				536CF6B21955456300AA16A4 /* Question.swift in Sources */,
				536CF689195526A800AA16A4 /* DetailViewController.swift in Sources */,
				53E74713195C8F9900A3A949 /* Answer.swift in Sources */,
				536CF6AB195535DB00AA16A4 /* Topic.swift in Sources */,
				536CF687195526A800AA16A4 /* MasterViewController.swift in Sources */,
				536CF685195526A800AA16A4 /* AppDelegate.swift in Sources */,
			);
			runOnlyForDeploymentPostprocessing = 0;
		};
		536CF68F195526A800AA16A4 /* Sources */ = {
			isa = PBXSourcesBuildPhase;
			buildActionMask = 2147483647;
			files = (
				536CF6B819554BF400AA16A4 /* Person.swift in Sources */,
				53E74711195C8F4D00A3A949 /* AnswersTests.swift in Sources */,
				536CF6A91955344200AA16A4 /* TopicTests.swift in Sources */,
				536CF6B31955456300AA16A4 /* Question.swift in Sources */,
				536CF6AC195535DB00AA16A4 /* Topic.swift in Sources */,
				536CF6AE1955446000AA16A4 /* QuestionTests.swift in Sources */,
				536CF6B519554AAE00AA16A4 /* PersonTests.swift in Sources */,
				53E74714195C8F9900A3A949 /* Answer.swift in Sources */,
			);
			runOnlyForDeploymentPostprocessing = 0;
		};
/* End PBXSourcesBuildPhase section */

/* Begin PBXTargetDependency section */
		536CF695195526A800AA16A4 /* PBXTargetDependency */ = {
			isa = PBXTargetDependency;
			target = 536CF67E195526A800AA16A4 /* BrowseOverflow */;
			targetProxy = 536CF694195526A800AA16A4 /* PBXContainerItemProxy */;
		};
		536CF6A41955312300AA16A4 /* PBXTargetDependency */ = {
			isa = PBXTargetDependency;
			target = 536CF67E195526A800AA16A4 /* BrowseOverflow */;
			targetProxy = 536CF6A31955312300AA16A4 /* PBXContainerItemProxy */;
		};
		536CF6A61955312300AA16A4 /* PBXTargetDependency */ = {
			isa = PBXTargetDependency;
			target = 536CF67E195526A800AA16A4 /* BrowseOverflow */;
			targetProxy = 536CF6A51955312300AA16A4 /* PBXContainerItemProxy */;
		};
		536CF6B0195544A100AA16A4 /* PBXTargetDependency */ = {
			isa = PBXTargetDependency;
			target = 536CF67E195526A800AA16A4 /* BrowseOverflow */;
			targetProxy = 536CF6AF195544A100AA16A4 /* PBXContainerItemProxy */;
		};
/* End PBXTargetDependency section */

/* Begin PBXVariantGroup section */
		536CF68A195526A800AA16A4 /* Main.storyboard */ = {
			isa = PBXVariantGroup;
			children = (
				536CF68B195526A800AA16A4 /* Base */,
			);
			name = Main.storyboard;
			sourceTree = "<group>";
		};
/* End PBXVariantGroup section */

/* Begin XCBuildConfiguration section */
		536CF69B195526A800AA16A4 /* Debug */ = {
			isa = XCBuildConfiguration;
			buildSettings = {
				ALWAYS_SEARCH_USER_PATHS = NO;
				CLANG_CXX_LANGUAGE_STANDARD = "gnu++0x";
				CLANG_CXX_LIBRARY = "libc++";
				CLANG_ENABLE_MODULES = YES;
				CLANG_ENABLE_OBJC_ARC = YES;
				CLANG_WARN_BOOL_CONVERSION = YES;
				CLANG_WARN_CONSTANT_CONVERSION = YES;
				CLANG_WARN_DIRECT_OBJC_ISA_USAGE = YES_ERROR;
				CLANG_WARN_EMPTY_BODY = YES;
				CLANG_WARN_ENUM_CONVERSION = YES;
				CLANG_WARN_INT_CONVERSION = YES;
				CLANG_WARN_OBJC_ROOT_CLASS = YES_ERROR;
				CLANG_WARN_UNREACHABLE_CODE = YES;
				CLANG_WARN__DUPLICATE_METHOD_MATCH = YES;
				"CODE_SIGN_IDENTITY[sdk=iphoneos*]" = "iPhone Developer";
				COPY_PHASE_STRIP = NO;
				ENABLE_STRICT_OBJC_MSGSEND = YES;
				GCC_C_LANGUAGE_STANDARD = gnu99;
				GCC_DYNAMIC_NO_PIC = NO;
				GCC_OPTIMIZATION_LEVEL = 0;
				GCC_PREPROCESSOR_DEFINITIONS = (
					"DEBUG=1",
					"$(inherited)",
				);
				GCC_SYMBOLS_PRIVATE_EXTERN = NO;
				GCC_WARN_64_TO_32_BIT_CONVERSION = YES;
				GCC_WARN_ABOUT_RETURN_TYPE = YES_ERROR;
				GCC_WARN_UNDECLARED_SELECTOR = YES;
				GCC_WARN_UNINITIALIZED_AUTOS = YES_AGGRESSIVE;
				GCC_WARN_UNUSED_FUNCTION = YES;
				GCC_WARN_UNUSED_VARIABLE = YES;
				IPHONEOS_DEPLOYMENT_TARGET = 8.0;
				METAL_ENABLE_DEBUG_INFO = YES;
				ONLY_ACTIVE_ARCH = YES;
				SDKROOT = iphoneos;
				SWIFT_OPTIMIZATION_LEVEL = "-Onone";
				TARGETED_DEVICE_FAMILY = "1,2";
			};
			name = Debug;
		};
		536CF69C195526A800AA16A4 /* Release */ = {
			isa = XCBuildConfiguration;
			buildSettings = {
				ALWAYS_SEARCH_USER_PATHS = NO;
				CLANG_CXX_LANGUAGE_STANDARD = "gnu++0x";
				CLANG_CXX_LIBRARY = "libc++";
				CLANG_ENABLE_MODULES = YES;
				CLANG_ENABLE_OBJC_ARC = YES;
				CLANG_WARN_BOOL_CONVERSION = YES;
				CLANG_WARN_CONSTANT_CONVERSION = YES;
				CLANG_WARN_DIRECT_OBJC_ISA_USAGE = YES_ERROR;
				CLANG_WARN_EMPTY_BODY = YES;
				CLANG_WARN_ENUM_CONVERSION = YES;
				CLANG_WARN_INT_CONVERSION = YES;
				CLANG_WARN_OBJC_ROOT_CLASS = YES_ERROR;
				CLANG_WARN_UNREACHABLE_CODE = YES;
				CLANG_WARN__DUPLICATE_METHOD_MATCH = YES;
				"CODE_SIGN_IDENTITY[sdk=iphoneos*]" = "iPhone Developer";
				COPY_PHASE_STRIP = YES;
				ENABLE_NS_ASSERTIONS = NO;
				ENABLE_STRICT_OBJC_MSGSEND = YES;
				GCC_C_LANGUAGE_STANDARD = gnu99;
				GCC_WARN_64_TO_32_BIT_CONVERSION = YES;
				GCC_WARN_ABOUT_RETURN_TYPE = YES_ERROR;
				GCC_WARN_UNDECLARED_SELECTOR = YES;
				GCC_WARN_UNINITIALIZED_AUTOS = YES_AGGRESSIVE;
				GCC_WARN_UNUSED_FUNCTION = YES;
				GCC_WARN_UNUSED_VARIABLE = YES;
				IPHONEOS_DEPLOYMENT_TARGET = 8.0;
				METAL_ENABLE_DEBUG_INFO = NO;
				SDKROOT = iphoneos;
				TARGETED_DEVICE_FAMILY = "1,2";
				VALIDATE_PRODUCT = YES;
			};
			name = Release;
		};
		536CF69E195526A800AA16A4 /* Debug */ = {
			isa = XCBuildConfiguration;
			buildSettings = {
				ASSETCATALOG_COMPILER_APPICON_NAME = AppIcon;
				ASSETCATALOG_COMPILER_LAUNCHIMAGE_NAME = LaunchImage;
				INFOPLIST_FILE = BrowseOverflow/Info.plist;
				LD_RUNPATH_SEARCH_PATHS = "$(inherited) @executable_path/Frameworks";
				PRODUCT_NAME = "$(TARGET_NAME)";
			};
			name = Debug;
		};
		536CF69F195526A800AA16A4 /* Release */ = {
			isa = XCBuildConfiguration;
			buildSettings = {
				ASSETCATALOG_COMPILER_APPICON_NAME = AppIcon;
				ASSETCATALOG_COMPILER_LAUNCHIMAGE_NAME = LaunchImage;
				INFOPLIST_FILE = BrowseOverflow/Info.plist;
				LD_RUNPATH_SEARCH_PATHS = "$(inherited) @executable_path/Frameworks";
				PRODUCT_NAME = "$(TARGET_NAME)";
			};
			name = Release;
		};
		536CF6A1195526A800AA16A4 /* Debug */ = {
			isa = XCBuildConfiguration;
			buildSettings = {
				BUNDLE_LOADER = "$(BUILT_PRODUCTS_DIR)/BrowseOverflow.app/BrowseOverflow";
				CLANG_ENABLE_MODULES = YES;
				FRAMEWORK_SEARCH_PATHS = (
					"$(SDKROOT)/Developer/Library/Frameworks",
					"$(inherited)",
				);
				GCC_PREPROCESSOR_DEFINITIONS = (
					"DEBUG=1",
					"$(inherited)",
				);
				INFOPLIST_FILE = BrowseOverflowTests/Info.plist;
				LD_RUNPATH_SEARCH_PATHS = "$(inherited) @executable_path/Frameworks @loader_path/Frameworks";
				METAL_ENABLE_DEBUG_INFO = YES;
				PRODUCT_NAME = "$(TARGET_NAME)";
				SWIFT_OBJC_BRIDGING_HEADER = "BrowseOverflowTests/BrowseOverflowTests-Bridging-Header.h";
				SWIFT_OPTIMIZATION_LEVEL = "-Onone";
				TEST_HOST = "$(BUNDLE_LOADER)";
			};
			name = Debug;
		};
		536CF6A2195526A800AA16A4 /* Release */ = {
			isa = XCBuildConfiguration;
			buildSettings = {
				BUNDLE_LOADER = "$(BUILT_PRODUCTS_DIR)/BrowseOverflow.app/BrowseOverflow";
				CLANG_ENABLE_MODULES = YES;
				FRAMEWORK_SEARCH_PATHS = (
					"$(SDKROOT)/Developer/Library/Frameworks",
					"$(inherited)",
				);
				INFOPLIST_FILE = BrowseOverflowTests/Info.plist;
				LD_RUNPATH_SEARCH_PATHS = "$(inherited) @executable_path/Frameworks @loader_path/Frameworks";
				METAL_ENABLE_DEBUG_INFO = NO;
				PRODUCT_NAME = "$(TARGET_NAME)";
				SWIFT_OBJC_BRIDGING_HEADER = "BrowseOverflowTests/BrowseOverflowTests-Bridging-Header.h";
				TEST_HOST = "$(BUNDLE_LOADER)";
			};
			name = Release;
		};
/* End XCBuildConfiguration section */

/* Begin XCConfigurationList section */
		536CF67A195526A800AA16A4 /* Build configuration list for PBXProject "BrowseOverflow" */ = {
			isa = XCConfigurationList;
			buildConfigurations = (
				536CF69B195526A800AA16A4 /* Debug */,
				536CF69C195526A800AA16A4 /* Release */,
			);
			defaultConfigurationIsVisible = 0;
			defaultConfigurationName = Release;
		};
		536CF69D195526A800AA16A4 /* Build configuration list for PBXNativeTarget "BrowseOverflow" */ = {
			isa = XCConfigurationList;
			buildConfigurations = (
				536CF69E195526A800AA16A4 /* Debug */,
				536CF69F195526A800AA16A4 /* Release */,
			);
			defaultConfigurationIsVisible = 0;
			defaultConfigurationName = Release;
		};
		536CF6A0195526A800AA16A4 /* Build configuration list for PBXNativeTarget "BrowseOverflowTests" */ = {
			isa = XCConfigurationList;
			buildConfigurations = (
				536CF6A1195526A800AA16A4 /* Debug */,
				536CF6A2195526A800AA16A4 /* Release */,
			);
			defaultConfigurationIsVisible = 0;
			defaultConfigurationName = Release;
		};
/* End XCConfigurationList section */
	};
	rootObject = 536CF677195526A800AA16A4 /* Project object */;
}
